
Microsoft Visual Studio Solution File, Format Version 12.00
# Visual Studio Version 16
VisualStudioVersion = 16.0.33423.256
MinimumVisualStudioVersion = 10.0.40219.1
Project("{FAE04EC0-301F-11D3-BF4B-00C04F79EFBC}") = "TinhTongDuongCheoMatran", "TinhTongDuongCheoMatran\TinhTongDuongCheoMatran.csproj", "{93C9A500-7F7F-43E7-B40F-A050A775BC72}"
EndProject
Global
	GlobalSection(SolutionConfigurationPlatforms) = preSolution
		Debug|Any CPU = Debug|Any CPU
		Release|Any CPU = Release|Any CPU
	EndGlobalSection
	GlobalSection(ProjectConfigurationPlatforms) = postSolution
		{93C9A500-7F7F-43E7-B40F-A050A775BC72}.Debug|Any CPU.ActiveCfg = Debug|Any CPU
		{93C9A500-7F7F-43E7-B40F-A050A775BC72}.Debug|Any CPU.Build.0 = Debug|Any CPU
		{93C9A500-7F7F-43E7-B40F-A050A775BC72}.Release|Any CPU.ActiveCfg = Release|Any CPU
		{93C9A500-7F7F-43E7-B40F-A050A775BC72}.Release|Any CPU.Build.0 = Release|Any CPU
	EndGlobalSection
	GlobalSection(SolutionProperties) = preSolution
		HideSolutionNode = FALSE
	EndGlobalSection
	GlobalSection(ExtensibilityGlobals) = postSolution
		SolutionGuid = {2647FE4B-D743-4879-916D-E71BB33D74AA}
	EndGlobalSection
EndGlobal
